
Microsoft Visual Studio Solution File, Format Version 12.00
# Visual Studio 15
VisualStudioVersion = 15.0.26730.16
MinimumVisualStudioVersion = 10.0.40219.1
Project("{FAE04EC0-301F-11D3-BF4B-00C04F79EFBC}") = "VidzyCodeFirst", "VidzyCodeFirst\VidzyCodeFirst.csproj", "{412B1FB0-B232-4268-B43A-489754F520B7}"
EndProject
Global
	GlobalSection(SolutionConfigurationPlatforms) = preSolution
		Debug|Any CPU = Debug|Any CPU
		Release|Any CPU = Release|Any CPU
	EndGlobalSection
	GlobalSection(ProjectConfigurationPlatforms) = postSolution
		{412B1FB0-B232-4268-B43A-489754F520B7}.Debug|Any CPU.ActiveCfg = Debug|Any CPU
		{412B1FB0-B232-4268-B43A-489754F520B7}.Debug|Any CPU.Build.0 = Debug|Any CPU
		{412B1FB0-B232-4268-B43A-489754F520B7}.Release|Any CPU.ActiveCfg = Release|Any CPU
		{412B1FB0-B232-4268-B43A-489754F520B7}.Release|Any CPU.Build.0 = Release|Any CPU
	EndGlobalSection
	GlobalSection(SolutionProperties) = preSolution
		HideSolutionNode = FALSE
	EndGlobalSection
	GlobalSection(ExtensibilityGlobals) = postSolution
		SolutionGuid = {97F30DA9-B0FA-42D3-B1CB-B8DEE35B7061}
	EndGlobalSection
EndGlobal
